
Microsoft Visual Studio Solution File, Format Version 12.00
# Visual Studio 2013
VisualStudioVersion = 12.0.21005.1
MinimumVisualStudioVersion = 10.0.40219.1
Project("{FAE04EC0-301F-11D3-BF4B-00C04F79EFBC}") = "TwitchPlays2048", "src\tp2048\TwitchPlays2048.csproj", "{7FF211B8-81B9-4751-9118-A37C4DDCDBD3}"
EndProject
Project("{2150E333-8FDC-42A3-9474-1A3956D46DE8}") = ".nuget", ".nuget", "{E114EFF9-2FDE-4C9B-844A-1FDA547CF6B6}"
	ProjectSection(SolutionItems) = preProject
		.nuget\NuGet.Config = .nuget\NuGet.Config
		.nuget\NuGet.exe = .nuget\NuGet.exe
		.nuget\NuGet.targets = .nuget\NuGet.targets
	EndProjectSection
EndProject
Global
	GlobalSection(SolutionConfigurationPlatforms) = preSolution
		Debug|Any CPU = Debug|Any CPU
		Release|Any CPU = Release|Any CPU
	EndGlobalSection
	GlobalSection(ProjectConfigurationPlatforms) = postSolution
		{7FF211B8-81B9-4751-9118-A37C4DDCDBD3}.Debug|Any CPU.ActiveCfg = Debug|Any CPU
		{7FF211B8-81B9-4751-9118-A37C4DDCDBD3}.Debug|Any CPU.Build.0 = Debug|Any CPU
		{7FF211B8-81B9-4751-9118-A37C4DDCDBD3}.Release|Any CPU.ActiveCfg = Release|Any CPU
		{7FF211B8-81B9-4751-9118-A37C4DDCDBD3}.Release|Any CPU.Build.0 = Release|Any CPU
	EndGlobalSection
	GlobalSection(SolutionProperties) = preSolution
		HideSolutionNode = FALSE
	EndGlobalSection
EndGlobal
